// !$*UTF8*$!
{
	archiveVersion = 1;
	classes = {
	};
	objectVersion = 51;
	objects = {

/* Begin PBXBuildFile section */
		848A857F1DA964D87904940A /* Pods_Apple_Music.framework in Frameworks */ = {isa = PBXBuildFile; fileRef = CEDBAC09EFBDD394B84D5B6B /* Pods_Apple_Music.framework */; };
		E3198EE8267D6AAE00363B2A /* SearchViewController.storyboard in Resources */ = {isa = PBXBuildFile; fileRef = E3198EE7267D6AAE00363B2A /* SearchViewController.storyboard */; };
		E3198EF2267D6F8200363B2A /* UIViewController + StoryBoard.swift in Sources */ = {isa = PBXBuildFile; fileRef = E3198EF1267D6F8200363B2A /* UIViewController + StoryBoard.swift */; };
		E345E0F026794E5600E8A71F /* SearchMusicViewController.swift in Sources */ = {isa = PBXBuildFile; fileRef = E345E0EF26794E5600E8A71F /* SearchMusicViewController.swift */; };
		E345E0F326794EBC00E8A71F /* LibraryViewController.swift in Sources */ = {isa = PBXBuildFile; fileRef = E345E0F226794EBC00E8A71F /* LibraryViewController.swift */; };
		E346CB1C268BD0DE0008EC30 /* TrackCell.xib in Resources */ = {isa = PBXBuildFile; fileRef = E346CB1B268BD0DE0008EC30 /* TrackCell.xib */; };
		E346CB20268BD1000008EC30 /* TrackCell.swift in Sources */ = {isa = PBXBuildFile; fileRef = E346CB1F268BD1000008EC30 /* TrackCell.swift */; };
		E364E6F9268EBC6800493627 /* FooterView.swift in Sources */ = {isa = PBXBuildFile; fileRef = E364E6F8268EBC6800493627 /* FooterView.swift */; };
		E364E6FE268F43DA00493627 /* TrackDetailView.xib in Resources */ = {isa = PBXBuildFile; fileRef = E364E6FD268F43DA00493627 /* TrackDetailView.xib */; };
		E364E701268F43F400493627 /* TrackDetailView.swift in Sources */ = {isa = PBXBuildFile; fileRef = E364E700268F43F400493627 /* TrackDetailView.swift */; };
		E36A945126924442008CCA32 /* CMTime + Extension.swift in Sources */ = {isa = PBXBuildFile; fileRef = E36A945026924442008CCA32 /* CMTime + Extension.swift */; };
		E397CDC226E3F9AC009C28CE /* Nib.swift in Sources */ = {isa = PBXBuildFile; fileRef = E397CDC126E3F9AC009C28CE /* Nib.swift */; };
		E3B41E43267578E800BB0AF3 /* AppDelegate.swift in Sources */ = {isa = PBXBuildFile; fileRef = E3B41E42267578E800BB0AF3 /* AppDelegate.swift */; };
		E3B41E45267578E800BB0AF3 /* SceneDelegate.swift in Sources */ = {isa = PBXBuildFile; fileRef = E3B41E44267578E800BB0AF3 /* SceneDelegate.swift */; };
		E3B41E47267578E800BB0AF3 /* ViewController.swift in Sources */ = {isa = PBXBuildFile; fileRef = E3B41E46267578E800BB0AF3 /* ViewController.swift */; };
		E3B41E4A267578E800BB0AF3 /* Main.storyboard in Resources */ = {isa = PBXBuildFile; fileRef = E3B41E48267578E800BB0AF3 /* Main.storyboard */; };
		E3B41E4C267578EE00BB0AF3 /* Assets.xcassets in Resources */ = {isa = PBXBuildFile; fileRef = E3B41E4B267578EE00BB0AF3 /* Assets.xcassets */; };
		E3B41E4F267578EE00BB0AF3 /* LaunchScreen.storyboard in Resources */ = {isa = PBXBuildFile; fileRef = E3B41E4D267578EE00BB0AF3 /* LaunchScreen.storyboard */; };
		E3CC2186267615E700CAB067 /* MainTabBarController .swift in Sources */ = {isa = PBXBuildFile; fileRef = E3CC2185267615E700CAB067 /* MainTabBarController .swift */; };
		E3DFF80D267A4A500041838F /* SearchResponse.swift in Sources */ = {isa = PBXBuildFile; fileRef = E3DFF80C267A4A500041838F /* SearchResponse.swift */; };
		E3DFF810267B91820041838F /* NetworkManager.swift in Sources */ = {isa = PBXBuildFile; fileRef = E3DFF80F267B91820041838F /* NetworkManager.swift */; };
		E3E95CB4267C041F0020E7E9 /* SearchPresenter.swift in Sources */ = {isa = PBXBuildFile; fileRef = E3E95CAE267C041F0020E7E9 /* SearchPresenter.swift */; };
		E3E95CB5267C041F0020E7E9 /* SearchWorker.swift in Sources */ = {isa = PBXBuildFile; fileRef = E3E95CAF267C041F0020E7E9 /* SearchWorker.swift */; };
		E3E95CB6267C041F0020E7E9 /* SearchRouter.swift in Sources */ = {isa = PBXBuildFile; fileRef = E3E95CB0267C041F0020E7E9 /* SearchRouter.swift */; };
		E3E95CB7267C041F0020E7E9 /* SearchModels.swift in Sources */ = {isa = PBXBuildFile; fileRef = E3E95CB1267C041F0020E7E9 /* SearchModels.swift */; };
		E3E95CB8267C041F0020E7E9 /* SearchViewController.swift in Sources */ = {isa = PBXBuildFile; fileRef = E3E95CB2267C041F0020E7E9 /* SearchViewController.swift */; };
		E3E95CB9267C041F0020E7E9 /* SearchInteractor.swift in Sources */ = {isa = PBXBuildFile; fileRef = E3E95CB3267C041F0020E7E9 /* SearchInteractor.swift */; };
/* End PBXBuildFile section */

/* Begin PBXFileReference section */
		3C09B14D04C576408E157896 /* Pods-Apple Music.debug.xcconfig */ = {isa = PBXFileReference; includeInIndex = 1; lastKnownFileType = text.xcconfig; name = "Pods-Apple Music.debug.xcconfig"; path = "Target Support Files/Pods-Apple Music/Pods-Apple Music.debug.xcconfig"; sourceTree = "<group>"; };
		CEDBAC09EFBDD394B84D5B6B /* Pods_Apple_Music.framework */ = {isa = PBXFileReference; explicitFileType = wrapper.framework; includeInIndex = 0; path = Pods_Apple_Music.framework; sourceTree = BUILT_PRODUCTS_DIR; };
		DFB9CFBCE4859786E63ADCFA /* Pods-Apple Music.release.xcconfig */ = {isa = PBXFileReference; includeInIndex = 1; lastKnownFileType = text.xcconfig; name = "Pods-Apple Music.release.xcconfig"; path = "Target Support Files/Pods-Apple Music/Pods-Apple Music.release.xcconfig"; sourceTree = "<group>"; };
		E3198EE7267D6AAE00363B2A /* SearchViewController.storyboard */ = {isa = PBXFileReference; lastKnownFileType = file.storyboard; path = SearchViewController.storyboard; sourceTree = "<group>"; };
		E3198EF1267D6F8200363B2A /* UIViewController + StoryBoard.swift */ = {isa = PBXFileReference; lastKnownFileType = sourcecode.swift; path = "UIViewController + StoryBoard.swift"; sourceTree = "<group>"; };
		E345E0EF26794E5600E8A71F /* SearchMusicViewController.swift */ = {isa = PBXFileReference; lastKnownFileType = sourcecode.swift; path = SearchMusicViewController.swift; sourceTree = "<group>"; };
		E345E0F226794EBC00E8A71F /* LibraryViewController.swift */ = {isa = PBXFileReference; lastKnownFileType = sourcecode.swift; path = LibraryViewController.swift; sourceTree = "<group>"; };
		E346CB1B268BD0DE0008EC30 /* TrackCell.xib */ = {isa = PBXFileReference; lastKnownFileType = file.xib; path = TrackCell.xib; sourceTree = "<group>"; };
		E346CB1F268BD1000008EC30 /* TrackCell.swift */ = {isa = PBXFileReference; lastKnownFileType = sourcecode.swift; path = TrackCell.swift; sourceTree = "<group>"; };
		E364E6F8268EBC6800493627 /* FooterView.swift */ = {isa = PBXFileReference; lastKnownFileType = sourcecode.swift; path = FooterView.swift; sourceTree = "<group>"; };
		E364E6FD268F43DA00493627 /* TrackDetailView.xib */ = {isa = PBXFileReference; lastKnownFileType = file.xib; path = TrackDetailView.xib; sourceTree = "<group>"; };
		E364E700268F43F400493627 /* TrackDetailView.swift */ = {isa = PBXFileReference; lastKnownFileType = sourcecode.swift; path = TrackDetailView.swift; sourceTree = "<group>"; };
		E36A945026924442008CCA32 /* CMTime + Extension.swift */ = {isa = PBXFileReference; lastKnownFileType = sourcecode.swift; path = "CMTime + Extension.swift"; sourceTree = "<group>"; };
		E397CDC126E3F9AC009C28CE /* Nib.swift */ = {isa = PBXFileReference; lastKnownFileType = sourcecode.swift; path = Nib.swift; sourceTree = "<group>"; };
		E3B41E3F267578E800BB0AF3 /* Apple Music.app */ = {isa = PBXFileReference; explicitFileType = wrapper.application; includeInIndex = 0; path = "Apple Music.app"; sourceTree = BUILT_PRODUCTS_DIR; };
		E3B41E42267578E800BB0AF3 /* AppDelegate.swift */ = {isa = PBXFileReference; lastKnownFileType = sourcecode.swift; path = AppDelegate.swift; sourceTree = "<group>"; };
		E3B41E44267578E800BB0AF3 /* SceneDelegate.swift */ = {isa = PBXFileReference; lastKnownFileType = sourcecode.swift; path = SceneDelegate.swift; sourceTree = "<group>"; };
		E3B41E46267578E800BB0AF3 /* ViewController.swift */ = {isa = PBXFileReference; lastKnownFileType = sourcecode.swift; path = ViewController.swift; sourceTree = "<group>"; };
		E3B41E49267578E800BB0AF3 /* Base */ = {isa = PBXFileReference; lastKnownFileType = file.storyboard; name = Base; path = Base.lproj/Main.storyboard; sourceTree = "<group>"; };
		E3B41E4B267578EE00BB0AF3 /* Assets.xcassets */ = {isa = PBXFileReference; lastKnownFileType = folder.assetcatalog; path = Assets.xcassets; sourceTree = "<group>"; };
		E3B41E4E267578EE00BB0AF3 /* Base */ = {isa = PBXFileReference; lastKnownFileType = file.storyboard; name = Base; path = Base.lproj/LaunchScreen.storyboard; sourceTree = "<group>"; };
		E3B41E50267578EE00BB0AF3 /* Info.plist */ = {isa = PBXFileReference; lastKnownFileType = text.plist.xml; path = Info.plist; sourceTree = "<group>"; };
		E3CC2185267615E700CAB067 /* MainTabBarController .swift */ = {isa = PBXFileReference; lastKnownFileType = sourcecode.swift; path = "MainTabBarController .swift"; sourceTree = "<group>"; };
		E3DFF80C267A4A500041838F /* SearchResponse.swift */ = {isa = PBXFileReference; lastKnownFileType = sourcecode.swift; path = SearchResponse.swift; sourceTree = "<group>"; };
		E3DFF80F267B91820041838F /* NetworkManager.swift */ = {isa = PBXFileReference; lastKnownFileType = sourcecode.swift; path = NetworkManager.swift; sourceTree = "<group>"; };
		E3E95CAE267C041F0020E7E9 /* SearchPresenter.swift */ = {isa = PBXFileReference; lastKnownFileType = sourcecode.swift; path = SearchPresenter.swift; sourceTree = "<group>"; };
		E3E95CAF267C041F0020E7E9 /* SearchWorker.swift */ = {isa = PBXFileReference; lastKnownFileType = sourcecode.swift; path = SearchWorker.swift; sourceTree = "<group>"; };
		E3E95CB0267C041F0020E7E9 /* SearchRouter.swift */ = {isa = PBXFileReference; lastKnownFileType = sourcecode.swift; path = SearchRouter.swift; sourceTree = "<group>"; };
		E3E95CB1267C041F0020E7E9 /* SearchModels.swift */ = {isa = PBXFileReference; lastKnownFileType = sourcecode.swift; path = SearchModels.swift; sourceTree = "<group>"; };
		E3E95CB2267C041F0020E7E9 /* SearchViewController.swift */ = {isa = PBXFileReference; lastKnownFileType = sourcecode.swift; path = SearchViewController.swift; sourceTree = "<group>"; };
		E3E95CB3267C041F0020E7E9 /* SearchInteractor.swift */ = {isa = PBXFileReference; lastKnownFileType = sourcecode.swift; path = SearchInteractor.swift; sourceTree = "<group>"; };
/* End PBXFileReference section */

/* Begin PBXFrameworksBuildPhase section */
		E3B41E3C267578E800BB0AF3 /* Frameworks */ = {
			isa = PBXFrameworksBuildPhase;
			buildActionMask = 2147483647;
			files = (
				848A857F1DA964D87904940A /* Pods_Apple_Music.framework in Frameworks */,
			);
			runOnlyForDeploymentPostprocessing = 0;
		};
/* End PBXFrameworksBuildPhase section */

/* Begin PBXGroup section */
		0ED41674FF5173412C267380 /* Pods */ = {
			isa = PBXGroup;
			children = (
				3C09B14D04C576408E157896 /* Pods-Apple Music.debug.xcconfig */,
				DFB9CFBCE4859786E63ADCFA /* Pods-Apple Music.release.xcconfig */,
			);
			path = Pods;
			sourceTree = "<group>";
		};
		99359EC7EAEF6E7DA1E18D17 /* Frameworks */ = {
			isa = PBXGroup;
			children = (
				CEDBAC09EFBDD394B84D5B6B /* Pods_Apple_Music.framework */,
			);
			name = Frameworks;
			sourceTree = "<group>";
		};
		E346CB18268BC4390008EC30 /* Library */ = {
			isa = PBXGroup;
			children = (
				E345E0F226794EBC00E8A71F /* LibraryViewController.swift */,
			);
			path = Library;
			sourceTree = "<group>";
		};
		E346CB1A268BD0C50008EC30 /* Cell */ = {
			isa = PBXGroup;
			children = (
				E346CB1B268BD0DE0008EC30 /* TrackCell.xib */,
				E346CB1F268BD1000008EC30 /* TrackCell.swift */,
			);
			path = Cell;
			sourceTree = "<group>";
		};
		E346CB2A268E92EF0008EC30 /* Suport file */ = {
			isa = PBXGroup;
			children = (
				E3B41E44267578E800BB0AF3 /* SceneDelegate.swift */,
				E3B41E42267578E800BB0AF3 /* AppDelegate.swift */,
				E3198EF1267D6F8200363B2A /* UIViewController + StoryBoard.swift */,
				E36A945026924442008CCA32 /* CMTime + Extension.swift */,
				E397CDC126E3F9AC009C28CE /* Nib.swift */,
			);
			path = "Suport file";
			sourceTree = "<group>";
		};
		E364E6F7268EBC2A00493627 /* FooterView */ = {
			isa = PBXGroup;
			children = (
				E364E6F8268EBC6800493627 /* FooterView.swift */,
			);
			path = FooterView;
			sourceTree = "<group>";
		};
		E364E6FB268F42CA00493627 /* Services */ = {
			isa = PBXGroup;
			children = (
				E3DFF80C267A4A500041838F /* SearchResponse.swift */,
				E3DFF80F267B91820041838F /* NetworkManager.swift */,
			);
			path = Services;
			sourceTree = "<group>";
		};
		E364E6FC268F439E00493627 /* TrackDatailView */ = {
			isa = PBXGroup;
			children = (
				E364E6FD268F43DA00493627 /* TrackDetailView.xib */,
				E364E700268F43F400493627 /* TrackDetailView.swift */,
			);
			path = TrackDatailView;
			sourceTree = "<group>";
		};
		E3B41E36267578E800BB0AF3 = {
			isa = PBXGroup;
			children = (
				E3B41E41267578E800BB0AF3 /* Apple Music */,
				E3B41E40267578E800BB0AF3 /* Products */,
				0ED41674FF5173412C267380 /* Pods */,
				99359EC7EAEF6E7DA1E18D17 /* Frameworks */,
			);
			sourceTree = "<group>";
		};
		E3B41E40267578E800BB0AF3 /* Products */ = {
			isa = PBXGroup;
			children = (
				E3B41E3F267578E800BB0AF3 /* Apple Music.app */,
			);
			name = Products;
			sourceTree = "<group>";
		};
		E3B41E41267578E800BB0AF3 /* Apple Music */ = {
			isa = PBXGroup;
			children = (
				E3CC2185267615E700CAB067 /* MainTabBarController .swift */,
				E3E95C9E267C015C0020E7E9 /* Search */,
				E346CB18268BC4390008EC30 /* Library */,
				E3B41E46267578E800BB0AF3 /* ViewController.swift */,
				E345E0EF26794E5600E8A71F /* SearchMusicViewController.swift */,
				E364E6FB268F42CA00493627 /* Services */,
				E346CB2A268E92EF0008EC30 /* Suport file */,
				E3B41E48267578E800BB0AF3 /* Main.storyboard */,
				E3B41E4D267578EE00BB0AF3 /* LaunchScreen.storyboard */,
				E3B41E4B267578EE00BB0AF3 /* Assets.xcassets */,
				E3B41E50267578EE00BB0AF3 /* Info.plist */,
			);
			path = "Apple Music";
			sourceTree = "<group>";
		};
		E3E95C9E267C015C0020E7E9 /* Search */ = {
			isa = PBXGroup;
			children = (
				E364E6FC268F439E00493627 /* TrackDatailView */,
				E364E6F7268EBC2A00493627 /* FooterView */,
				E346CB1A268BD0C50008EC30 /* Cell */,
				E3198EE7267D6AAE00363B2A /* SearchViewController.storyboard */,
				E3E95CB2267C041F0020E7E9 /* SearchViewController.swift */,
				E3E95CB3267C041F0020E7E9 /* SearchInteractor.swift */,
				E3E95CAE267C041F0020E7E9 /* SearchPresenter.swift */,
				E3E95CB1267C041F0020E7E9 /* SearchModels.swift */,
				E3E95CB0267C041F0020E7E9 /* SearchRouter.swift */,
				E3E95CAF267C041F0020E7E9 /* SearchWorker.swift */,
			);
			path = Search;
			sourceTree = "<group>";
		};
/* End PBXGroup section */

/* Begin PBXNativeTarget section */
		E3B41E3E267578E800BB0AF3 /* Apple Music */ = {
			isa = PBXNativeTarget;
			buildConfigurationList = E3B41E53267578EE00BB0AF3 /* Build configuration list for PBXNativeTarget "Apple Music" */;
			buildPhases = (
				86D10629B9F2637418E5F356 /* [CP] Check Pods Manifest.lock */,
				E3B41E3B267578E800BB0AF3 /* Sources */,
				E3B41E3C267578E800BB0AF3 /* Frameworks */,
				E3B41E3D267578E800BB0AF3 /* Resources */,
				65C608A2AA72CC1C0C67EDBB /* [CP] Embed Pods Frameworks */,
			);
			buildRules = (
			);
			dependencies = (
			);
			name = "Apple Music";
			productName = "Apple Music";
			productReference = E3B41E3F267578E800BB0AF3 /* Apple Music.app */;
			productType = "com.apple.product-type.application";
		};
/* End PBXNativeTarget section */

/* Begin PBXProject section */
		E3B41E37267578E800BB0AF3 /* Project object */ = {
			isa = PBXProject;
			attributes = {
				LastSwiftUpdateCheck = 1240;
				LastUpgradeCheck = 1240;
				TargetAttributes = {
					E3B41E3E267578E800BB0AF3 = {
						CreatedOnToolsVersion = 12.4;
					};
				};
			};
			buildConfigurationList = E3B41E3A267578E800BB0AF3 /* Build configuration list for PBXProject "Apple Music" */;
			compatibilityVersion = "Xcode 9.3";
			developmentRegion = en;
			hasScannedForEncodings = 0;
			knownRegions = (
				en,
				Base,
			);
			mainGroup = E3B41E36267578E800BB0AF3;
			productRefGroup = E3B41E40267578E800BB0AF3 /* Products */;
			projectDirPath = "";
			projectRoot = "";
			targets = (
				E3B41E3E267578E800BB0AF3 /* Apple Music */,
			);
		};
/* End PBXProject section */

/* Begin PBXResourcesBuildPhase section */
		E3B41E3D267578E800BB0AF3 /* Resources */ = {
			isa = PBXResourcesBuildPhase;
			buildActionMask = 2147483647;
			files = (
				E3B41E4F267578EE00BB0AF3 /* LaunchScreen.storyboard in Resources */,
				E364E6FE268F43DA00493627 /* TrackDetailView.xib in Resources */,
				E346CB1C268BD0DE0008EC30 /* TrackCell.xib in Resources */,
				E3B41E4C267578EE00BB0AF3 /* Assets.xcassets in Resources */,
				E3B41E4A267578E800BB0AF3 /* Main.storyboard in Resources */,
				E3198EE8267D6AAE00363B2A /* SearchViewController.storyboard in Resources */,
			);
			runOnlyForDeploymentPostprocessing = 0;
		};
/* End PBXResourcesBuildPhase section */

/* Begin PBXShellScriptBuildPhase section */
		65C608A2AA72CC1C0C67EDBB /* [CP] Embed Pods Frameworks */ = {
			isa = PBXShellScriptBuildPhase;
			buildActionMask = 2147483647;
			files = (
			);
			inputFileListPaths = (
				"${PODS_ROOT}/Target Support Files/Pods-Apple Music/Pods-Apple Music-frameworks-${CONFIGURATION}-input-files.xcfilelist",
			);
			name = "[CP] Embed Pods Frameworks";
			outputFileListPaths = (
				"${PODS_ROOT}/Target Support Files/Pods-Apple Music/Pods-Apple Music-frameworks-${CONFIGURATION}-output-files.xcfilelist",
			);
			runOnlyForDeploymentPostprocessing = 0;
			shellPath = /bin/sh;
			shellScript = "\"${PODS_ROOT}/Target Support Files/Pods-Apple Music/Pods-Apple Music-frameworks.sh\"\n";
			showEnvVarsInLog = 0;
		};
		86D10629B9F2637418E5F356 /* [CP] Check Pods Manifest.lock */ = {
			isa = PBXShellScriptBuildPhase;
			buildActionMask = 2147483647;
			files = (
			);
			inputFileListPaths = (
			);
			inputPaths = (
				"${PODS_PODFILE_DIR_PATH}/Podfile.lock",
				"${PODS_ROOT}/Manifest.lock",
			);
			name = "[CP] Check Pods Manifest.lock";
			outputFileListPaths = (
			);
			outputPaths = (
				"$(DERIVED_FILE_DIR)/Pods-Apple Music-checkManifestLockResult.txt",
			);
			runOnlyForDeploymentPostprocessing = 0;
			shellPath = /bin/sh;
			shellScript = "diff \"${PODS_PODFILE_DIR_PATH}/Podfile.lock\" \"${PODS_ROOT}/Manifest.lock\" > /dev/null\nif [ $? != 0 ] ; then\n    # print error to STDERR\n    echo \"error: The sandbox is not in sync with the Podfile.lock. Run 'pod install' or update your CocoaPods installation.\" >&2\n    exit 1\nfi\n# This output is used by Xcode 'outputs' to avoid re-running this script phase.\necho \"SUCCESS\" > \"${SCRIPT_OUTPUT_FILE_0}\"\n";
			showEnvVarsInLog = 0;
		};
/* End PBXShellScriptBuildPhase section */

/* Begin PBXSourcesBuildPhase section */
		E3B41E3B267578E800BB0AF3 /* Sources */ = {
			isa = PBXSourcesBuildPhase;
			buildActionMask = 2147483647;
			files = (
				E3DFF80D267A4A500041838F /* SearchResponse.swift in Sources */,
				E397CDC226E3F9AC009C28CE /* Nib.swift in Sources */,
				E3E95CB5267C041F0020E7E9 /* SearchWorker.swift in Sources */,
				E3E95CB6267C041F0020E7E9 /* SearchRouter.swift in Sources */,
				E345E0F026794E5600E8A71F /* SearchMusicViewController.swift in Sources */,
				E3E95CB4267C041F0020E7E9 /* SearchPresenter.swift in Sources */,
				E3B41E47267578E800BB0AF3 /* ViewController.swift in Sources */,
				E3E95CB9267C041F0020E7E9 /* SearchInteractor.swift in Sources */,
				E3B41E43267578E800BB0AF3 /* AppDelegate.swift in Sources */,
				E36A945126924442008CCA32 /* CMTime + Extension.swift in Sources */,
				E3DFF810267B91820041838F /* NetworkManager.swift in Sources */,
				E364E701268F43F400493627 /* TrackDetailView.swift in Sources */,
				E3E95CB8267C041F0020E7E9 /* SearchViewController.swift in Sources */,
				E3B41E45267578E800BB0AF3 /* SceneDelegate.swift in Sources */,
				E3198EF2267D6F8200363B2A /* UIViewController + StoryBoard.swift in Sources */,
				E345E0F326794EBC00E8A71F /* LibraryViewController.swift in Sources */,
				E3CC2186267615E700CAB067 /* MainTabBarController .swift in Sources */,
				E3E95CB7267C041F0020E7E9 /* SearchModels.swift in Sources */,
				E346CB20268BD1000008EC30 /* TrackCell.swift in Sources */,
				E364E6F9268EBC6800493627 /* FooterView.swift in Sources */,
			);
			runOnlyForDeploymentPostprocessing = 0;
		};
/* End PBXSourcesBuildPhase section */

/* Begin PBXVariantGroup section */
		E3B41E48267578E800BB0AF3 /* Main.storyboard */ = {
			isa = PBXVariantGroup;
			children = (
				E3B41E49267578E800BB0AF3 /* Base */,
			);
			name = Main.storyboard;
			sourceTree = "<group>";
		};
		E3B41E4D267578EE00BB0AF3 /* LaunchScreen.storyboard */ = {
			isa = PBXVariantGroup;
			children = (
				E3B41E4E267578EE00BB0AF3 /* Base */,
			);
			name = LaunchScreen.storyboard;
			sourceTree = "<group>";
		};
/* End PBXVariantGroup section */

/* Begin XCBuildConfiguration section */
		E3B41E51267578EE00BB0AF3 /* Debug */ = {
			isa = XCBuildConfiguration;
			buildSettings = {
				ALWAYS_SEARCH_USER_PATHS = NO;
				CLANG_ANALYZER_NONNULL = YES;
				CLANG_ANALYZER_NUMBER_OBJECT_CONVERSION = YES_AGGRESSIVE;
				CLANG_CXX_LANGUAGE_STANDARD = "gnu++14";
				CLANG_CXX_LIBRARY = "libc++";
				CLANG_ENABLE_MODULES = YES;
				CLANG_ENABLE_OBJC_ARC = YES;
				CLANG_ENABLE_OBJC_WEAK = YES;
				CLANG_WARN_BLOCK_CAPTURE_AUTORELEASING = YES;
				CLANG_WARN_BOOL_CONVERSION = YES;
				CLANG_WARN_COMMA = YES;
				CLANG_WARN_CONSTANT_CONVERSION = YES;
				CLANG_WARN_DEPRECATED_OBJC_IMPLEMENTATIONS = YES;
				CLANG_WARN_DIRECT_OBJC_ISA_USAGE = YES_ERROR;
				CLANG_WARN_DOCUMENTATION_COMMENTS = YES;
				CLANG_WARN_EMPTY_BODY = YES;
				CLANG_WARN_ENUM_CONVERSION = YES;
				CLANG_WARN_INFINITE_RECURSION = YES;
				CLANG_WARN_INT_CONVERSION = YES;
				CLANG_WARN_NON_LITERAL_NULL_CONVERSION = YES;
				CLANG_WARN_OBJC_IMPLICIT_RETAIN_SELF = YES;
				CLANG_WARN_OBJC_LITERAL_CONVERSION = YES;
				CLANG_WARN_OBJC_ROOT_CLASS = YES_ERROR;
				CLANG_WARN_QUOTED_INCLUDE_IN_FRAMEWORK_HEADER = YES;
				CLANG_WARN_RANGE_LOOP_ANALYSIS = YES;
				CLANG_WARN_STRICT_PROTOTYPES = YES;
				CLANG_WARN_SUSPICIOUS_MOVE = YES;
				CLANG_WARN_UNGUARDED_AVAILABILITY = YES_AGGRESSIVE;
				CLANG_WARN_UNREACHABLE_CODE = YES;
				CLANG_WARN__DUPLICATE_METHOD_MATCH = YES;
				COPY_PHASE_STRIP = NO;
				DEBUG_INFORMATION_FORMAT = dwarf;
				ENABLE_STRICT_OBJC_MSGSEND = YES;
				ENABLE_TESTABILITY = YES;
				GCC_C_LANGUAGE_STANDARD = gnu11;
				GCC_DYNAMIC_NO_PIC = NO;
				GCC_NO_COMMON_BLOCKS = YES;
				GCC_OPTIMIZATION_LEVEL = 0;
				GCC_PREPROCESSOR_DEFINITIONS = (
					"DEBUG=1",
					"$(inherited)",
				);
				GCC_WARN_64_TO_32_BIT_CONVERSION = YES;
				GCC_WARN_ABOUT_RETURN_TYPE = YES_ERROR;
				GCC_WARN_UNDECLARED_SELECTOR = YES;
				GCC_WARN_UNINITIALIZED_AUTOS = YES_AGGRESSIVE;
				GCC_WARN_UNUSED_FUNCTION = YES;
				GCC_WARN_UNUSED_VARIABLE = YES;
				IPHONEOS_DEPLOYMENT_TARGET = 14.4;
				MTL_ENABLE_DEBUG_INFO = INCLUDE_SOURCE;
				MTL_FAST_MATH = YES;
				ONLY_ACTIVE_ARCH = YES;
				SDKROOT = iphoneos;
				SWIFT_ACTIVE_COMPILATION_CONDITIONS = DEBUG;
				SWIFT_OPTIMIZATION_LEVEL = "-Onone";
			};
			name = Debug;
		};
		E3B41E52267578EE00BB0AF3 /* Release */ = {
			isa = XCBuildConfiguration;
			buildSettings = {
				ALWAYS_SEARCH_USER_PATHS = NO;
				CLANG_ANALYZER_NONNULL = YES;
				CLANG_ANALYZER_NUMBER_OBJECT_CONVERSION = YES_AGGRESSIVE;
				CLANG_CXX_LANGUAGE_STANDARD = "gnu++14";
				CLANG_CXX_LIBRARY = "libc++";
				CLANG_ENABLE_MODULES = YES;
				CLANG_ENABLE_OBJC_ARC = YES;
				CLANG_ENABLE_OBJC_WEAK = YES;
				CLANG_WARN_BLOCK_CAPTURE_AUTORELEASING = YES;
				CLANG_WARN_BOOL_CONVERSION = YES;
				CLANG_WARN_COMMA = YES;
				CLANG_WARN_CONSTANT_CONVERSION = YES;
				CLANG_WARN_DEPRECATED_OBJC_IMPLEMENTATIONS = YES;
				CLANG_WARN_DIRECT_OBJC_ISA_USAGE = YES_ERROR;
				CLANG_WARN_DOCUMENTATION_COMMENTS = YES;
				CLANG_WARN_EMPTY_BODY = YES;
				CLANG_WARN_ENUM_CONVERSION = YES;
				CLANG_WARN_INFINITE_RECURSION = YES;
				CLANG_WARN_INT_CONVERSION = YES;
				CLANG_WARN_NON_LITERAL_NULL_CONVERSION = YES;
				CLANG_WARN_OBJC_IMPLICIT_RETAIN_SELF = YES;
				CLANG_WARN_OBJC_LITERAL_CONVERSION = YES;
				CLANG_WARN_OBJC_ROOT_CLASS = YES_ERROR;
				CLANG_WARN_QUOTED_INCLUDE_IN_FRAMEWORK_HEADER = YES;
				CLANG_WARN_RANGE_LOOP_ANALYSIS = YES;
				CLANG_WARN_STRICT_PROTOTYPES = YES;
				CLANG_WARN_SUSPICIOUS_MOVE = YES;
				CLANG_WARN_UNGUARDED_AVAILABILITY = YES_AGGRESSIVE;
				CLANG_WARN_UNREACHABLE_CODE = YES;
				CLANG_WARN__DUPLICATE_METHOD_MATCH = YES;
				COPY_PHASE_STRIP = NO;
				DEBUG_INFORMATION_FORMAT = "dwarf-with-dsym";
				ENABLE_NS_ASSERTIONS = NO;
				ENABLE_STRICT_OBJC_MSGSEND = YES;
				GCC_C_LANGUAGE_STANDARD = gnu11;
				GCC_NO_COMMON_BLOCKS = YES;
				GCC_WARN_64_TO_32_BIT_CONVERSION = YES;
				GCC_WARN_ABOUT_RETURN_TYPE = YES_ERROR;
				GCC_WARN_UNDECLARED_SELECTOR = YES;
				GCC_WARN_UNINITIALIZED_AUTOS = YES_AGGRESSIVE;
				GCC_WARN_UNUSED_FUNCTION = YES;
				GCC_WARN_UNUSED_VARIABLE = YES;
				IPHONEOS_DEPLOYMENT_TARGET = 14.4;
				MTL_ENABLE_DEBUG_INFO = NO;
				MTL_FAST_MATH = YES;
				SDKROOT = iphoneos;
				SWIFT_COMPILATION_MODE = wholemodule;
				SWIFT_OPTIMIZATION_LEVEL = "-O";
				VALIDATE_PRODUCT = YES;
			};
			name = Release;
		};
		E3B41E54267578EE00BB0AF3 /* Debug */ = {
			isa = XCBuildConfiguration;
			baseConfigurationReference = 3C09B14D04C576408E157896 /* Pods-Apple Music.debug.xcconfig */;
			buildSettings = {
				ASSETCATALOG_COMPILER_APPICON_NAME = AppIcon;
				ASSETCATALOG_COMPILER_GLOBAL_ACCENT_COLOR_NAME = AccentColor;
				CODE_SIGN_STYLE = Automatic;
				DEVELOPMENT_TEAM = 9XP4F76DYF;
				INFOPLIST_FILE = "Apple Music/Info.plist";
				LD_RUNPATH_SEARCH_PATHS = (
					"$(inherited)",
					"@executable_path/Frameworks",
				);
				PRODUCT_BUNDLE_IDENTIFIER = "Vlad-Lytvynets.Apple-Music";
				PRODUCT_NAME = "$(TARGET_NAME)";
				SWIFT_VERSION = 5.0;
				TARGETED_DEVICE_FAMILY = "1,2";
			};
			name = Debug;
		};
		E3B41E55267578EE00BB0AF3 /* Release */ = {
			isa = XCBuildConfiguration;
			baseConfigurationReference = DFB9CFBCE4859786E63ADCFA /* Pods-Apple Music.release.xcconfig */;
			buildSettings = {
				ASSETCATALOG_COMPILER_APPICON_NAME = AppIcon;
				ASSETCATALOG_COMPILER_GLOBAL_ACCENT_COLOR_NAME = AccentColor;
				CODE_SIGN_STYLE = Automatic;
				DEVELOPMENT_TEAM = 9XP4F76DYF;
				INFOPLIST_FILE = "Apple Music/Info.plist";
				LD_RUNPATH_SEARCH_PATHS = (
					"$(inherited)",
					"@executable_path/Frameworks",
				);
				PRODUCT_BUNDLE_IDENTIFIER = "Vlad-Lytvynets.Apple-Music";
				PRODUCT_NAME = "$(TARGET_NAME)";
				SWIFT_VERSION = 5.0;
				TARGETED_DEVICE_FAMILY = "1,2";
			};
			name = Release;
		};
/* End XCBuildConfiguration section */

/* Begin XCConfigurationList section */
		E3B41E3A267578E800BB0AF3 /* Build configuration list for PBXProject "Apple Music" */ = {
			isa = XCConfigurationList;
			buildConfigurations = (
				E3B41E51267578EE00BB0AF3 /* Debug */,
				E3B41E52267578EE00BB0AF3 /* Release */,
			);
			defaultConfigurationIsVisible = 0;
			defaultConfigurationName = Release;
		};
		E3B41E53267578EE00BB0AF3 /* Build configuration list for PBXNativeTarget "Apple Music" */ = {
			isa = XCConfigurationList;
			buildConfigurations = (
				E3B41E54267578EE00BB0AF3 /* Debug */,
				E3B41E55267578EE00BB0AF3 /* Release */,
			);
			defaultConfigurationIsVisible = 0;
			defaultConfigurationName = Release;
		};
/* End XCConfigurationList section */
	};
	rootObject = E3B41E37267578E800BB0AF3 /* Project object */;
}
